// !$*UTF8*$!
{
	archiveVersion = 1;
	classes = {
	};
	objectVersion = 56;
	objects = {

/* Begin PBXBuildFile section */
		96EA3CB82AF0EB2600B4F289 /* AppDelegate.swift in Sources */ = {isa = PBXBuildFile; fileRef = 96EA3CB72AF0EB2600B4F289 /* AppDelegate.swift */; };
		96EA3CBA2AF0EB2600B4F289 /* SceneDelegate.swift in Sources */ = {isa = PBXBuildFile; fileRef = 96EA3CB92AF0EB2600B4F289 /* SceneDelegate.swift */; };
		96EA3CBC2AF0EB2600B4F289 /* ViewController.swift in Sources */ = {isa = PBXBuildFile; fileRef = 96EA3CBB2AF0EB2600B4F289 /* ViewController.swift */; };
		96EA3CBF2AF0EB2600B4F289 /* Main.storyboard in Resources */ = {isa = PBXBuildFile; fileRef = 96EA3CBD2AF0EB2600B4F289 /* Main.storyboard */; };
		96EA3CC12AF0EB2800B4F289 /* Assets.xcassets in Resources */ = {isa = PBXBuildFile; fileRef = 96EA3CC02AF0EB2800B4F289 /* Assets.xcassets */; };
		96EA3CC42AF0EB2800B4F289 /* LaunchScreen.storyboard in Resources */ = {isa = PBXBuildFile; fileRef = 96EA3CC22AF0EB2800B4F289 /* LaunchScreen.storyboard */; };
		96EA3CCE2AF0EBAD00B4F289 /* RegulationPage.swift in Sources */ = {isa = PBXBuildFile; fileRef = 96EA3CCD2AF0EBAD00B4F289 /* RegulationPage.swift */; };
		96EA3CD02AF0EBCF00B4F289 /* DefinitionPage.swift in Sources */ = {isa = PBXBuildFile; fileRef = 96EA3CCF2AF0EBCF00B4F289 /* DefinitionPage.swift */; };
		96EA3CD22AF0ECA700B4F289 /* HomeViewController.swift in Sources */ = {isa = PBXBuildFile; fileRef = 96EA3CD12AF0ECA700B4F289 /* HomeViewController.swift */; };
/* End PBXBuildFile section */

/* Begin PBXFileReference section */
		96EA3CB42AF0EB2600B4F289 /* TabBarExampleUIKit.app */ = {isa = PBXFileReference; explicitFileType = wrapper.application; includeInIndex = 0; path = TabBarExampleUIKit.app; sourceTree = BUILT_PRODUCTS_DIR; };
		96EA3CB72AF0EB2600B4F289 /* AppDelegate.swift */ = {isa = PBXFileReference; lastKnownFileType = sourcecode.swift; path = AppDelegate.swift; sourceTree = "<group>"; };
		96EA3CB92AF0EB2600B4F289 /* SceneDelegate.swift */ = {isa = PBXFileReference; lastKnownFileType = sourcecode.swift; path = SceneDelegate.swift; sourceTree = "<group>"; };
		96EA3CBB2AF0EB2600B4F289 /* ViewController.swift */ = {isa = PBXFileReference; lastKnownFileType = sourcecode.swift; path = ViewController.swift; sourceTree = "<group>"; };
		96EA3CBE2AF0EB2600B4F289 /* Base */ = {isa = PBXFileReference; lastKnownFileType = file.storyboard; name = Base; path = Base.lproj/Main.storyboard; sourceTree = "<group>"; };
		96EA3CC02AF0EB2800B4F289 /* Assets.xcassets */ = {isa = PBXFileReference; lastKnownFileType = folder.assetcatalog; path = Assets.xcassets; sourceTree = "<group>"; };
		96EA3CC32AF0EB2800B4F289 /* Base */ = {isa = PBXFileReference; lastKnownFileType = file.storyboard; name = Base; path = Base.lproj/LaunchScreen.storyboard; sourceTree = "<group>"; };
		96EA3CC52AF0EB2800B4F289 /* Info.plist */ = {isa = PBXFileReference; lastKnownFileType = text.plist.xml; path = Info.plist; sourceTree = "<group>"; };
		96EA3CCD2AF0EBAD00B4F289 /* RegulationPage.swift */ = {isa = PBXFileReference; lastKnownFileType = sourcecode.swift; path = RegulationPage.swift; sourceTree = "<group>"; };
		96EA3CCF2AF0EBCF00B4F289 /* DefinitionPage.swift */ = {isa = PBXFileReference; lastKnownFileType = sourcecode.swift; path = DefinitionPage.swift; sourceTree = "<group>"; };
		96EA3CD12AF0ECA700B4F289 /* HomeViewController.swift */ = {isa = PBXFileReference; lastKnownFileType = sourcecode.swift; path = HomeViewController.swift; sourceTree = "<group>"; };
/* End PBXFileReference section */

/* Begin PBXFrameworksBuildPhase section */
		96EA3CB12AF0EB2600B4F289 /* Frameworks */ = {
			isa = PBXFrameworksBuildPhase;
			buildActionMask = 2147483647;
			files = (
			);
			runOnlyForDeploymentPostprocessing = 0;
		};
/* End PBXFrameworksBuildPhase section */

/* Begin PBXGroup section */
		96EA3CAB2AF0EB2600B4F289 = {
			isa = PBXGroup;
			children = (
				96EA3CB62AF0EB2600B4F289 /* TabBarExampleUIKit */,
				96EA3CB52AF0EB2600B4F289 /* Products */,
			);
			sourceTree = "<group>";
		};
		96EA3CB52AF0EB2600B4F289 /* Products */ = {
			isa = PBXGroup;
			children = (
				96EA3CB42AF0EB2600B4F289 /* TabBarExampleUIKit.app */,
			);
			name = Products;
			sourceTree = "<group>";
		};
		96EA3CB62AF0EB2600B4F289 /* TabBarExampleUIKit */ = {
			isa = PBXGroup;
			children = (
				96EA3CB72AF0EB2600B4F289 /* AppDelegate.swift */,
				96EA3CB92AF0EB2600B4F289 /* SceneDelegate.swift */,
				96EA3CBB2AF0EB2600B4F289 /* ViewController.swift */,
				96EA3CBD2AF0EB2600B4F289 /* Main.storyboard */,
				96EA3CC02AF0EB2800B4F289 /* Assets.xcassets */,
				96EA3CC22AF0EB2800B4F289 /* LaunchScreen.storyboard */,
				96EA3CC52AF0EB2800B4F289 /* Info.plist */,
				96EA3CCD2AF0EBAD00B4F289 /* RegulationPage.swift */,
				96EA3CCF2AF0EBCF00B4F289 /* DefinitionPage.swift */,
				96EA3CD12AF0ECA700B4F289 /* HomeViewController.swift */,
			);
			path = TabBarExampleUIKit;
			sourceTree = "<group>";
		};
/* End PBXGroup section */

/* Begin PBXNativeTarget section */
		96EA3CB32AF0EB2600B4F289 /* TabBarExampleUIKit */ = {
			isa = PBXNativeTarget;
			buildConfigurationList = 96EA3CC82AF0EB2800B4F289 /* Build configuration list for PBXNativeTarget "TabBarExampleUIKit" */;
			buildPhases = (
				96EA3CB02AF0EB2600B4F289 /* Sources */,
				96EA3CB12AF0EB2600B4F289 /* Frameworks */,
				96EA3CB22AF0EB2600B4F289 /* Resources */,
			);
			buildRules = (
			);
			dependencies = (
			);
			name = TabBarExampleUIKit;
			productName = TabBarExampleUIKit;
			productReference = 96EA3CB42AF0EB2600B4F289 /* TabBarExampleUIKit.app */;
			productType = "com.apple.product-type.application";
		};
/* End PBXNativeTarget section */

/* Begin PBXProject section */
		96EA3CAC2AF0EB2600B4F289 /* Project object */ = {
			isa = PBXProject;
			attributes = {
				BuildIndependentTargetsInParallel = 1;
				LastSwiftUpdateCheck = 1500;
				LastUpgradeCheck = 1500;
				TargetAttributes = {
					96EA3CB32AF0EB2600B4F289 = {
						CreatedOnToolsVersion = 15.0;
					};
				};
			};
			buildConfigurationList = 96EA3CAF2AF0EB2600B4F289 /* Build configuration list for PBXProject "TabBarExampleUIKit" */;
			compatibilityVersion = "Xcode 14.0";
			developmentRegion = en;
			hasScannedForEncodings = 0;
			knownRegions = (
				en,
				Base,
			);
			mainGroup = 96EA3CAB2AF0EB2600B4F289;
			productRefGroup = 96EA3CB52AF0EB2600B4F289 /* Products */;
			projectDirPath = "";
			projectRoot = "";
			targets = (
				96EA3CB32AF0EB2600B4F289 /* TabBarExampleUIKit */,
			);
		};
/* End PBXProject section */

/* Begin PBXResourcesBuildPhase section */
		96EA3CB22AF0EB2600B4F289 /* Resources */ = {
			isa = PBXResourcesBuildPhase;
			buildActionMask = 2147483647;
			files = (
				96EA3CC42AF0EB2800B4F289 /* LaunchScreen.storyboard in Resources */,
				96EA3CC12AF0EB2800B4F289 /* Assets.xcassets in Resources */,
				96EA3CBF2AF0EB2600B4F289 /* Main.storyboard in Resources */,
			);
			runOnlyForDeploymentPostprocessing = 0;
		};
/* End PBXResourcesBuildPhase section */

/* Begin PBXSourcesBuildPhase section */
		96EA3CB02AF0EB2600B4F289 /* Sources */ = {
			isa = PBXSourcesBuildPhase;
			buildActionMask = 2147483647;
			files = (
				96EA3CBC2AF0EB2600B4F289 /* ViewController.swift in Sources */,
				96EA3CB82AF0EB2600B4F289 /* AppDelegate.swift in Sources */,
				96EA3CD02AF0EBCF00B4F289 /* DefinitionPage.swift in Sources */,
				96EA3CCE2AF0EBAD00B4F289 /* RegulationPage.swift in Sources */,
				96EA3CD22AF0ECA700B4F289 /* HomeViewController.swift in Sources */,
				96EA3CBA2AF0EB2600B4F289 /* SceneDelegate.swift in Sources */,
			);
			runOnlyForDeploymentPostprocessing = 0;
		};
/* End PBXSourcesBuildPhase section */

/* Begin PBXVariantGroup section */
		96EA3CBD2AF0EB2600B4F289 /* Main.storyboard */ = {
			isa = PBXVariantGroup;
			children = (
				96EA3CBE2AF0EB2600B4F289 /* Base */,
			);
			name = Main.storyboard;
			sourceTree = "<group>";
		};
		96EA3CC22AF0EB2800B4F289 /* LaunchScreen.storyboard */ = {
			isa = PBXVariantGroup;
			children = (
				96EA3CC32AF0EB2800B4F289 /* Base */,
			);
			name = LaunchScreen.storyboard;
			sourceTree = "<group>";
		};
/* End PBXVariantGroup section */

/* Begin XCBuildConfiguration section */
		96EA3CC62AF0EB2800B4F289 /* Debug */ = {
			isa = XCBuildConfiguration;
			buildSettings = {
				ALWAYS_SEARCH_USER_PATHS = NO;
				ASSETCATALOG_COMPILER_GENERATE_SWIFT_ASSET_SYMBOL_EXTENSIONS = YES;
				CLANG_ANALYZER_NONNULL = YES;
				CLANG_ANALYZER_NUMBER_OBJECT_CONVERSION = YES_AGGRESSIVE;
				CLANG_CXX_LANGUAGE_STANDARD = "gnu++20";
				CLANG_ENABLE_MODULES = YES;
				CLANG_ENABLE_OBJC_ARC = YES;
				CLANG_ENABLE_OBJC_WEAK = YES;
				CLANG_WARN_BLOCK_CAPTURE_AUTORELEASING = YES;
				CLANG_WARN_BOOL_CONVERSION = YES;
				CLANG_WARN_COMMA = YES;
				CLANG_WARN_CONSTANT_CONVERSION = YES;
				CLANG_WARN_DEPRECATED_OBJC_IMPLEMENTATIONS = YES;
				CLANG_WARN_DIRECT_OBJC_ISA_USAGE = YES_ERROR;
				CLANG_WARN_DOCUMENTATION_COMMENTS = YES;
				CLANG_WARN_EMPTY_BODY = YES;
				CLANG_WARN_ENUM_CONVERSION = YES;
				CLANG_WARN_INFINITE_RECURSION = YES;
				CLANG_WARN_INT_CONVERSION = YES;
				CLANG_WARN_NON_LITERAL_NULL_CONVERSION = YES;
				CLANG_WARN_OBJC_IMPLICIT_RETAIN_SELF = YES;
				CLANG_WARN_OBJC_LITERAL_CONVERSION = YES;
				CLANG_WARN_OBJC_ROOT_CLASS = YES_ERROR;
				CLANG_WARN_QUOTED_INCLUDE_IN_FRAMEWORK_HEADER = YES;
				CLANG_WARN_RANGE_LOOP_ANALYSIS = YES;
				CLANG_WARN_STRICT_PROTOTYPES = YES;
				CLANG_WARN_SUSPICIOUS_MOVE = YES;
				CLANG_WARN_UNGUARDED_AVAILABILITY = YES_AGGRESSIVE;
				CLANG_WARN_UNREACHABLE_CODE = YES;
				CLANG_WARN__DUPLICATE_METHOD_MATCH = YES;
				COPY_PHASE_STRIP = NO;
				DEBUG_INFORMATION_FORMAT = dwarf;
				ENABLE_STRICT_OBJC_MSGSEND = YES;
				ENABLE_TESTABILITY = YES;
				ENABLE_USER_SCRIPT_SANDBOXING = YES;
				GCC_C_LANGUAGE_STANDARD = gnu17;
				GCC_DYNAMIC_NO_PIC = NO;
				GCC_NO_COMMON_BLOCKS = YES;
				GCC_OPTIMIZATION_LEVEL = 0;
				GCC_PREPROCESSOR_DEFINITIONS = (
					"DEBUG=1",
					"$(inherited)",
				);
				GCC_WARN_64_TO_32_BIT_CONVERSION = YES;
				GCC_WARN_ABOUT_RETURN_TYPE = YES_ERROR;
				GCC_WARN_UNDECLARED_SELECTOR = YES;
				GCC_WARN_UNINITIALIZED_AUTOS = YES_AGGRESSIVE;
				GCC_WARN_UNUSED_FUNCTION = YES;
				GCC_WARN_UNUSED_VARIABLE = YES;
				IPHONEOS_DEPLOYMENT_TARGET = 17.0;
				LOCALIZATION_PREFERS_STRING_CATALOGS = YES;
				MTL_ENABLE_DEBUG_INFO = INCLUDE_SOURCE;
				MTL_FAST_MATH = YES;
				ONLY_ACTIVE_ARCH = YES;
				SDKROOT = iphoneos;
				SWIFT_ACTIVE_COMPILATION_CONDITIONS = "DEBUG $(inherited)";
				SWIFT_OPTIMIZATION_LEVEL = "-Onone";
			};
			name = Debug;
		};
		96EA3CC72AF0EB2800B4F289 /* Release */ = {
			isa = XCBuildConfiguration;
			buildSettings = {
				ALWAYS_SEARCH_USER_PATHS = NO;
				ASSETCATALOG_COMPILER_GENERATE_SWIFT_ASSET_SYMBOL_EXTENSIONS = YES;
				CLANG_ANALYZER_NONNULL = YES;
				CLANG_ANALYZER_NUMBER_OBJECT_CONVERSION = YES_AGGRESSIVE;
				CLANG_CXX_LANGUAGE_STANDARD = "gnu++20";
				CLANG_ENABLE_MODULES = YES;
				CLANG_ENABLE_OBJC_ARC = YES;
				CLANG_ENABLE_OBJC_WEAK = YES;
				CLANG_WARN_BLOCK_CAPTURE_AUTORELEASING = YES;
				CLANG_WARN_BOOL_CONVERSION = YES;
				CLANG_WARN_COMMA = YES;
				CLANG_WARN_CONSTANT_CONVERSION = YES;
				CLANG_WARN_DEPRECATED_OBJC_IMPLEMENTATIONS = YES;
				CLANG_WARN_DIRECT_OBJC_ISA_USAGE = YES_ERROR;
				CLANG_WARN_DOCUMENTATION_COMMENTS = YES;
				CLANG_WARN_EMPTY_BODY = YES;
				CLANG_WARN_ENUM_CONVERSION = YES;
				CLANG_WARN_INFINITE_RECURSION = YES;
				CLANG_WARN_INT_CONVERSION = YES;
				CLANG_WARN_NON_LITERAL_NULL_CONVERSION = YES;
				CLANG_WARN_OBJC_IMPLICIT_RETAIN_SELF = YES;
				CLANG_WARN_OBJC_LITERAL_CONVERSION = YES;
				CLANG_WARN_OBJC_ROOT_CLASS = YES_ERROR;
				CLANG_WARN_QUOTED_INCLUDE_IN_FRAMEWORK_HEADER = YES;
				CLANG_WARN_RANGE_LOOP_ANALYSIS = YES;
				CLANG_WARN_STRICT_PROTOTYPES = YES;
				CLANG_WARN_SUSPICIOUS_MOVE = YES;
				CLANG_WARN_UNGUARDED_AVAILABILITY = YES_AGGRESSIVE;
				CLANG_WARN_UNREACHABLE_CODE = YES;
				CLANG_WARN__DUPLICATE_METHOD_MATCH = YES;
				COPY_PHASE_STRIP = NO;
				DEBUG_INFORMATION_FORMAT = "dwarf-with-dsym";
				ENABLE_NS_ASSERTIONS = NO;
				ENABLE_STRICT_OBJC_MSGSEND = YES;
				ENABLE_USER_SCRIPT_SANDBOXING = YES;
				GCC_C_LANGUAGE_STANDARD = gnu17;
				GCC_NO_COMMON_BLOCKS = YES;
				GCC_WARN_64_TO_32_BIT_CONVERSION = YES;
				GCC_WARN_ABOUT_RETURN_TYPE = YES_ERROR;
				GCC_WARN_UNDECLARED_SELECTOR = YES;
				GCC_WARN_UNINITIALIZED_AUTOS = YES_AGGRESSIVE;
				GCC_WARN_UNUSED_FUNCTION = YES;
				GCC_WARN_UNUSED_VARIABLE = YES;
				IPHONEOS_DEPLOYMENT_TARGET = 17.0;
				LOCALIZATION_PREFERS_STRING_CATALOGS = YES;
				MTL_ENABLE_DEBUG_INFO = NO;
				MTL_FAST_MATH = YES;
				SDKROOT = iphoneos;
				SWIFT_COMPILATION_MODE = wholemodule;
				VALIDATE_PRODUCT = YES;
			};
			name = Release;
		};
		96EA3CC92AF0EB2800B4F289 /* Debug */ = {
			isa = XCBuildConfiguration;
			buildSettings = {
				ASSETCATALOG_COMPILER_APPICON_NAME = AppIcon;
				ASSETCATALOG_COMPILER_GLOBAL_ACCENT_COLOR_NAME = AccentColor;
				CODE_SIGN_STYLE = Automatic;
				CURRENT_PROJECT_VERSION = 1;
				DEVELOPMENT_TEAM = G85YYYKRLS;
				GENERATE_INFOPLIST_FILE = YES;
				INFOPLIST_FILE = TabBarExampleUIKit/Info.plist;
				INFOPLIST_KEY_UIApplicationSupportsIndirectInputEvents = YES;
				INFOPLIST_KEY_UILaunchStoryboardName = LaunchScreen;
				INFOPLIST_KEY_UIMainStoryboardFile = Main;
				INFOPLIST_KEY_UISupportedInterfaceOrientations_iPad = "UIInterfaceOrientationPortrait UIInterfaceOrientationPortraitUpsideDown UIInterfaceOrientationLandscapeLeft UIInterfaceOrientationLandscapeRight";
				INFOPLIST_KEY_UISupportedInterfaceOrientations_iPhone = "UIInterfaceOrientationPortrait UIInterfaceOrientationLandscapeLeft UIInterfaceOrientationLandscapeRight";
				LD_RUNPATH_SEARCH_PATHS = (
					"$(inherited)",
					"@executable_path/Frameworks",
				);
				MARKETING_VERSION = 1.0;
				PRODUCT_BUNDLE_IDENTIFIER = com.jason.TabBarExampleUIKit;
				PRODUCT_NAME = "$(TARGET_NAME)";
				SWIFT_EMIT_LOC_STRINGS = YES;
				SWIFT_VERSION = 5.0;
				TARGETED_DEVICE_FAMILY = "1,2";
			};
			name = Debug;
		};
		96EA3CCA2AF0EB2800B4F289 /* Release */ = {
			isa = XCBuildConfiguration;
			buildSettings = {
				ASSETCATALOG_COMPILER_APPICON_NAME = AppIcon;
				ASSETCATALOG_COMPILER_GLOBAL_ACCENT_COLOR_NAME = AccentColor;
				CODE_SIGN_STYLE = Automatic;
				CURRENT_PROJECT_VERSION = 1;
				DEVELOPMENT_TEAM = G85YYYKRLS;
				GENERATE_INFOPLIST_FILE = YES;
				INFOPLIST_FILE = TabBarExampleUIKit/Info.plist;
				INFOPLIST_KEY_UIApplicationSupportsIndirectInputEvents = YES;
				INFOPLIST_KEY_UILaunchStoryboardName = LaunchScreen;
				INFOPLIST_KEY_UIMainStoryboardFile = Main;
				INFOPLIST_KEY_UISupportedInterfaceOrientations_iPad = "UIInterfaceOrientationPortrait UIInterfaceOrientationPortraitUpsideDown UIInterfaceOrientationLandscapeLeft UIInterfaceOrientationLandscapeRight";
				INFOPLIST_KEY_UISupportedInterfaceOrientations_iPhone = "UIInterfaceOrientationPortrait UIInterfaceOrientationLandscapeLeft UIInterfaceOrientationLandscapeRight";
				LD_RUNPATH_SEARCH_PATHS = (
					"$(inherited)",
					"@executable_path/Frameworks",
				);
				MARKETING_VERSION = 1.0;
				PRODUCT_BUNDLE_IDENTIFIER = com.jason.TabBarExampleUIKit;
				PRODUCT_NAME = "$(TARGET_NAME)";
				SWIFT_EMIT_LOC_STRINGS = YES;
				SWIFT_VERSION = 5.0;
				TARGETED_DEVICE_FAMILY = "1,2";
			};
			name = Release;
		};
/* End XCBuildConfiguration section */

/* Begin XCConfigurationList section */
		96EA3CAF2AF0EB2600B4F289 /* Build configuration list for PBXProject "TabBarExampleUIKit" */ = {
			isa = XCConfigurationList;
			buildConfigurations = (
				96EA3CC62AF0EB2800B4F289 /* Debug */,
				96EA3CC72AF0EB2800B4F289 /* Release */,
			);
			defaultConfigurationIsVisible = 0;
			defaultConfigurationName = Release;
		};
		96EA3CC82AF0EB2800B4F289 /* Build configuration list for PBXNativeTarget "TabBarExampleUIKit" */ = {
			isa = XCConfigurationList;
			buildConfigurations = (
				96EA3CC92AF0EB2800B4F289 /* Debug */,
				96EA3CCA2AF0EB2800B4F289 /* Release */,
			);
			defaultConfigurationIsVisible = 0;
			defaultConfigurationName = Release;
		};
/* End XCConfigurationList section */
	};
	rootObject = 96EA3CAC2AF0EB2600B4F289 /* Project object */;
}
